github.com/w3xse7en/proj-b v0.0.0-20201125140236-2e2e83bbdf89 h1:b2NBk7tHGkbacqYoquoyqy02hvEh2Pbq02P1fkxu9sM=
github.com/w3xse7en/proj-b v0.0.0-20201125140236-2e2e83bbdf89/go.mod h1:pk061AgYb7aGNqvgqYL4S7fCbb2m9r1vs5SPGTzRpTI=
github.com/w3xse7en/third-proj-c v0.0.0-20201125135521-687458227162 h1:RSiAXf/g+D9z4HTzUXjqDmXOPilUcR+B0idT7kralO0=
github.com/w3xse7en/third-proj-c v0.0.0-20201125135521-687458227162/go.mod h1:YFZoPuQPZPBFxr8NMv6eMnT6nulTE5flQ0ANxxI2+/0=
